
Microsoft Visual Studio Solution File, Format Version 12.00
# Visual Studio 15
VisualStudioVersion = 15.0.27703.2026
MinimumVisualStudioVersion = 10.0.40219.1
Project("{FAE04EC0-301F-11D3-BF4B-00C04F79EFBC}") = "BreakLoop_ContinuCommand", "BreakLoop_ContinuCommand\BreakLoop_ContinuCommand.csproj", "{238FAB74-5BBA-4B3D-AF66-92E3EA9C6B85}"
EndProject
Global
	GlobalSection(SolutionConfigurationPlatforms) = preSolution
		Debug|Any CPU = Debug|Any CPU
		Release|Any CPU = Release|Any CPU
	EndGlobalSection
	GlobalSection(ProjectConfigurationPlatforms) = postSolution
		{238FAB74-5BBA-4B3D-AF66-92E3EA9C6B85}.Debug|Any CPU.ActiveCfg = Debug|Any CPU
		{238FAB74-5BBA-4B3D-AF66-92E3EA9C6B85}.Debug|Any CPU.Build.0 = Debug|Any CPU
		{238FAB74-5BBA-4B3D-AF66-92E3EA9C6B85}.Release|Any CPU.ActiveCfg = Release|Any CPU
		{238FAB74-5BBA-4B3D-AF66-92E3EA9C6B85}.Release|Any CPU.Build.0 = Release|Any CPU
	EndGlobalSection
	GlobalSection(SolutionProperties) = preSolution
		HideSolutionNode = FALSE
	EndGlobalSection
	GlobalSection(ExtensibilityGlobals) = postSolution
		SolutionGuid = {9629C96F-9DE7-4575-A4C9-CFA2F2231A2C}
	EndGlobalSection
EndGlobal
