
Microsoft Visual Studio Solution File, Format Version 12.00
# Visual Studio 15
VisualStudioVersion = 15.0.27428.2015
MinimumVisualStudioVersion = 10.0.40219.1
Project("{FAE04EC0-301F-11D3-BF4B-00C04F79EFBC}") = "FirstProgram", "FirstProgram\FirstProgram.csproj", "{4DF84AC9-AF37-4958-BFE8-B2AFA75D76CD}"
EndProject
Global
	GlobalSection(SolutionConfigurationPlatforms) = preSolution
		Debug|Any CPU = Debug|Any CPU
		Release|Any CPU = Release|Any CPU
	EndGlobalSection
	GlobalSection(ProjectConfigurationPlatforms) = postSolution
		{4DF84AC9-AF37-4958-BFE8-B2AFA75D76CD}.Debug|Any CPU.ActiveCfg = Debug|Any CPU
		{4DF84AC9-AF37-4958-BFE8-B2AFA75D76CD}.Debug|Any CPU.Build.0 = Debug|Any CPU
		{4DF84AC9-AF37-4958-BFE8-B2AFA75D76CD}.Release|Any CPU.ActiveCfg = Release|Any CPU
		{4DF84AC9-AF37-4958-BFE8-B2AFA75D76CD}.Release|Any CPU.Build.0 = Release|Any CPU
	EndGlobalSection
	GlobalSection(SolutionProperties) = preSolution
		HideSolutionNode = FALSE
	EndGlobalSection
	GlobalSection(ExtensibilityGlobals) = postSolution
		SolutionGuid = {88C8FB10-5468-4019-8AD2-A5C69BE5CE11}
	EndGlobalSection
EndGlobal
