
Microsoft Visual Studio Solution File, Format Version 12.00
# Visual Studio 15
VisualStudioVersion = 15.0.27703.2018
MinimumVisualStudioVersion = 10.0.40219.1
Project("{FAE04EC0-301F-11D3-BF4B-00C04F79EFBC}") = "DataTypes-CharStringBoolType", "DataTypes-CharStringBoolType\DataTypes-CharStringBoolType.csproj", "{43984137-C9C7-40C8-9C58-DEAEED5F8739}"
EndProject
Global
	GlobalSection(SolutionConfigurationPlatforms) = preSolution
		Debug|Any CPU = Debug|Any CPU
		Release|Any CPU = Release|Any CPU
	EndGlobalSection
	GlobalSection(ProjectConfigurationPlatforms) = postSolution
		{43984137-C9C7-40C8-9C58-DEAEED5F8739}.Debug|Any CPU.ActiveCfg = Debug|Any CPU
		{43984137-C9C7-40C8-9C58-DEAEED5F8739}.Debug|Any CPU.Build.0 = Debug|Any CPU
		{43984137-C9C7-40C8-9C58-DEAEED5F8739}.Release|Any CPU.ActiveCfg = Release|Any CPU
		{43984137-C9C7-40C8-9C58-DEAEED5F8739}.Release|Any CPU.Build.0 = Release|Any CPU
	EndGlobalSection
	GlobalSection(SolutionProperties) = preSolution
		HideSolutionNode = FALSE
	EndGlobalSection
	GlobalSection(ExtensibilityGlobals) = postSolution
		SolutionGuid = {835C5B63-9D42-4DD0-A4CD-D37475E5F33D}
	EndGlobalSection
EndGlobal
