
Microsoft Visual Studio Solution File, Format Version 12.00
# Visual Studio 15
VisualStudioVersion = 15.0.27703.2026
MinimumVisualStudioVersion = 10.0.40219.1
Project("{FAE04EC0-301F-11D3-BF4B-00C04F79EFBC}") = "Nested-IF-Else", "Nested-IF-Else\Nested-IF-Else.csproj", "{240A3C36-0E2A-4257-B435-7B5C20C79DE6}"
EndProject
Global
	GlobalSection(SolutionConfigurationPlatforms) = preSolution
		Debug|Any CPU = Debug|Any CPU
		Release|Any CPU = Release|Any CPU
	EndGlobalSection
	GlobalSection(ProjectConfigurationPlatforms) = postSolution
		{240A3C36-0E2A-4257-B435-7B5C20C79DE6}.Debug|Any CPU.ActiveCfg = Debug|Any CPU
		{240A3C36-0E2A-4257-B435-7B5C20C79DE6}.Debug|Any CPU.Build.0 = Debug|Any CPU
		{240A3C36-0E2A-4257-B435-7B5C20C79DE6}.Release|Any CPU.ActiveCfg = Release|Any CPU
		{240A3C36-0E2A-4257-B435-7B5C20C79DE6}.Release|Any CPU.Build.0 = Release|Any CPU
	EndGlobalSection
	GlobalSection(SolutionProperties) = preSolution
		HideSolutionNode = FALSE
	EndGlobalSection
	GlobalSection(ExtensibilityGlobals) = postSolution
		SolutionGuid = {6627CF6D-C75D-4122-B5BB-E26289E0C682}
	EndGlobalSection
EndGlobal
